
Microsoft Visual Studio Solution File, Format Version 12.00
# Visual Studio 15
VisualStudioVersion = 15.0.28307.438
MinimumVisualStudioVersion = 10.0.40219.1
Project("{F2A71F9B-5D33-465A-A702-920D77279786}") = "Exercise6.1", "Session6\Exercise6.1.fsproj", "{AFFE4624-ED22-4265-868B-C3CD3FD4547E}"
EndProject
Project("{F2A71F9B-5D33-465A-A702-920D77279786}") = "Exercise6.2", "Exercise6.2\Exercise6.2.fsproj", "{F9AFBEEA-C1F5-4127-A418-901268D2A1C0}"
EndProject
Global
	GlobalSection(SolutionConfigurationPlatforms) = preSolution
		Debug|Any CPU = Debug|Any CPU
		Release|Any CPU = Release|Any CPU
	EndGlobalSection
	GlobalSection(ProjectConfigurationPlatforms) = postSolution
		{AFFE4624-ED22-4265-868B-C3CD3FD4547E}.Debug|Any CPU.ActiveCfg = Debug|Any CPU
		{AFFE4624-ED22-4265-868B-C3CD3FD4547E}.Debug|Any CPU.Build.0 = Debug|Any CPU
		{AFFE4624-ED22-4265-868B-C3CD3FD4547E}.Release|Any CPU.ActiveCfg = Release|Any CPU
		{AFFE4624-ED22-4265-868B-C3CD3FD4547E}.Release|Any CPU.Build.0 = Release|Any CPU
		{F9AFBEEA-C1F5-4127-A418-901268D2A1C0}.Debug|Any CPU.ActiveCfg = Debug|Any CPU
		{F9AFBEEA-C1F5-4127-A418-901268D2A1C0}.Debug|Any CPU.Build.0 = Debug|Any CPU
		{F9AFBEEA-C1F5-4127-A418-901268D2A1C0}.Release|Any CPU.ActiveCfg = Release|Any CPU
		{F9AFBEEA-C1F5-4127-A418-901268D2A1C0}.Release|Any CPU.Build.0 = Release|Any CPU
	EndGlobalSection
	GlobalSection(SolutionProperties) = preSolution
		HideSolutionNode = FALSE
	EndGlobalSection
	GlobalSection(ExtensibilityGlobals) = postSolution
		SolutionGuid = {F3942101-79E9-4802-A39A-183A856722DB}
	EndGlobalSection
EndGlobal
